// !$*UTF8*$!
{
	archiveVersion = 1;
	classes = {
	};
	objectVersion = 48;
	objects = {

/* Begin PBXBuildFile section */
		7415235F1FFD4EDA002EB9F9 /* AppDelegate.swift in Sources */ = {isa = PBXBuildFile; fileRef = 7415235E1FFD4EDA002EB9F9 /* AppDelegate.swift */; };
		741523611FFD4EDA002EB9F9 /* ViewController.swift in Sources */ = {isa = PBXBuildFile; fileRef = 741523601FFD4EDA002EB9F9 /* ViewController.swift */; };
		741523641FFD4EDA002EB9F9 /* Main.storyboard in Resources */ = {isa = PBXBuildFile; fileRef = 741523621FFD4EDA002EB9F9 /* Main.storyboard */; };
		741523661FFD4EDA002EB9F9 /* Assets.xcassets in Resources */ = {isa = PBXBuildFile; fileRef = 741523651FFD4EDA002EB9F9 /* Assets.xcassets */; };
		741523691FFD4EDA002EB9F9 /* LaunchScreen.storyboard in Resources */ = {isa = PBXBuildFile; fileRef = 741523671FFD4EDA002EB9F9 /* LaunchScreen.storyboard */; };
		741523741FFD4EDA002EB9F9 /* GonzalezDavidCE1Tests.swift in Sources */ = {isa = PBXBuildFile; fileRef = 741523731FFD4EDA002EB9F9 /* GonzalezDavidCE1Tests.swift */; };
		7415237F1FFD4EDA002EB9F9 /* GonzalezDavidCE1UITests.swift in Sources */ = {isa = PBXBuildFile; fileRef = 7415237E1FFD4EDA002EB9F9 /* GonzalezDavidCE1UITests.swift */; };
/* End PBXBuildFile section */

/* Begin PBXContainerItemProxy section */
		741523701FFD4EDA002EB9F9 /* PBXContainerItemProxy */ = {
			isa = PBXContainerItemProxy;
			containerPortal = 741523531FFD4EDA002EB9F9 /* Project object */;
			proxyType = 1;
			remoteGlobalIDString = 7415235A1FFD4EDA002EB9F9;
			remoteInfo = GonzalezDavidCE1;
		};
		7415237B1FFD4EDA002EB9F9 /* PBXContainerItemProxy */ = {
			isa = PBXContainerItemProxy;
			containerPortal = 741523531FFD4EDA002EB9F9 /* Project object */;
			proxyType = 1;
			remoteGlobalIDString = 7415235A1FFD4EDA002EB9F9;
			remoteInfo = GonzalezDavidCE1;
		};
/* End PBXContainerItemProxy section */

/* Begin PBXFileReference section */
		7415235B1FFD4EDA002EB9F9 /* GonzalezDavidCE1.app */ = {isa = PBXFileReference; explicitFileType = wrapper.application; includeInIndex = 0; path = GonzalezDavidCE1.app; sourceTree = BUILT_PRODUCTS_DIR; };
		7415235E1FFD4EDA002EB9F9 /* AppDelegate.swift */ = {isa = PBXFileReference; lastKnownFileType = sourcecode.swift; path = AppDelegate.swift; sourceTree = "<group>"; };
		741523601FFD4EDA002EB9F9 /* ViewController.swift */ = {isa = PBXFileReference; lastKnownFileType = sourcecode.swift; path = ViewController.swift; sourceTree = "<group>"; };
		741523631FFD4EDA002EB9F9 /* Base */ = {isa = PBXFileReference; lastKnownFileType = file.storyboard; name = Base; path = Base.lproj/Main.storyboard; sourceTree = "<group>"; };
		741523651FFD4EDA002EB9F9 /* Assets.xcassets */ = {isa = PBXFileReference; lastKnownFileType = folder.assetcatalog; path = Assets.xcassets; sourceTree = "<group>"; };
		741523681FFD4EDA002EB9F9 /* Base */ = {isa = PBXFileReference; lastKnownFileType = file.storyboard; name = Base; path = Base.lproj/LaunchScreen.storyboard; sourceTree = "<group>"; };
		7415236A1FFD4EDA002EB9F9 /* Info.plist */ = {isa = PBXFileReference; lastKnownFileType = text.plist.xml; path = Info.plist; sourceTree = "<group>"; };
		7415236F1FFD4EDA002EB9F9 /* GonzalezDavidCE1Tests.xctest */ = {isa = PBXFileReference; explicitFileType = wrapper.cfbundle; includeInIndex = 0; path = GonzalezDavidCE1Tests.xctest; sourceTree = BUILT_PRODUCTS_DIR; };
		741523731FFD4EDA002EB9F9 /* GonzalezDavidCE1Tests.swift */ = {isa = PBXFileReference; lastKnownFileType = sourcecode.swift; path = GonzalezDavidCE1Tests.swift; sourceTree = "<group>"; };
		741523751FFD4EDA002EB9F9 /* Info.plist */ = {isa = PBXFileReference; lastKnownFileType = text.plist.xml; path = Info.plist; sourceTree = "<group>"; };
		7415237A1FFD4EDA002EB9F9 /* GonzalezDavidCE1UITests.xctest */ = {isa = PBXFileReference; explicitFileType = wrapper.cfbundle; includeInIndex = 0; path = GonzalezDavidCE1UITests.xctest; sourceTree = BUILT_PRODUCTS_DIR; };
		7415237E1FFD4EDA002EB9F9 /* GonzalezDavidCE1UITests.swift */ = {isa = PBXFileReference; lastKnownFileType = sourcecode.swift; path = GonzalezDavidCE1UITests.swift; sourceTree = "<group>"; };
		741523801FFD4EDA002EB9F9 /* Info.plist */ = {isa = PBXFileReference; lastKnownFileType = text.plist.xml; path = Info.plist; sourceTree = "<group>"; };
/* End PBXFileReference section */

/* Begin PBXFrameworksBuildPhase section */
		741523581FFD4EDA002EB9F9 /* Frameworks */ = {
			isa = PBXFrameworksBuildPhase;
			buildActionMask = 2147483647;
			files = (
			);
			runOnlyForDeploymentPostprocessing = 0;
		};
		7415236C1FFD4EDA002EB9F9 /* Frameworks */ = {
			isa = PBXFrameworksBuildPhase;
			buildActionMask = 2147483647;
			files = (
			);
			runOnlyForDeploymentPostprocessing = 0;
		};
		741523771FFD4EDA002EB9F9 /* Frameworks */ = {
			isa = PBXFrameworksBuildPhase;
			buildActionMask = 2147483647;
			files = (
			);
			runOnlyForDeploymentPostprocessing = 0;
		};
/* End PBXFrameworksBuildPhase section */

/* Begin PBXGroup section */
		741523521FFD4EDA002EB9F9 = {
			isa = PBXGroup;
			children = (
				7415235D1FFD4EDA002EB9F9 /* GonzalezDavidCE1 */,
				741523721FFD4EDA002EB9F9 /* GonzalezDavidCE1Tests */,
				7415237D1FFD4EDA002EB9F9 /* GonzalezDavidCE1UITests */,
				7415235C1FFD4EDA002EB9F9 /* Products */,
			);
			sourceTree = "<group>";
		};
		7415235C1FFD4EDA002EB9F9 /* Products */ = {
			isa = PBXGroup;
			children = (
				7415235B1FFD4EDA002EB9F9 /* GonzalezDavidCE1.app */,
				7415236F1FFD4EDA002EB9F9 /* GonzalezDavidCE1Tests.xctest */,
				7415237A1FFD4EDA002EB9F9 /* GonzalezDavidCE1UITests.xctest */,
			);
			name = Products;
			sourceTree = "<group>";
		};
		7415235D1FFD4EDA002EB9F9 /* GonzalezDavidCE1 */ = {
			isa = PBXGroup;
			children = (
				7415235E1FFD4EDA002EB9F9 /* AppDelegate.swift */,
				741523601FFD4EDA002EB9F9 /* ViewController.swift */,
				741523621FFD4EDA002EB9F9 /* Main.storyboard */,
				741523651FFD4EDA002EB9F9 /* Assets.xcassets */,
				741523671FFD4EDA002EB9F9 /* LaunchScreen.storyboard */,
				7415236A1FFD4EDA002EB9F9 /* Info.plist */,
			);
			path = GonzalezDavidCE1;
			sourceTree = "<group>";
		};
		741523721FFD4EDA002EB9F9 /* GonzalezDavidCE1Tests */ = {
			isa = PBXGroup;
			children = (
				741523731FFD4EDA002EB9F9 /* GonzalezDavidCE1Tests.swift */,
				741523751FFD4EDA002EB9F9 /* Info.plist */,
			);
			path = GonzalezDavidCE1Tests;
			sourceTree = "<group>";
		};
		7415237D1FFD4EDA002EB9F9 /* GonzalezDavidCE1UITests */ = {
			isa = PBXGroup;
			children = (
				7415237E1FFD4EDA002EB9F9 /* GonzalezDavidCE1UITests.swift */,
				741523801FFD4EDA002EB9F9 /* Info.plist */,
			);
			path = GonzalezDavidCE1UITests;
			sourceTree = "<group>";
		};
/* End PBXGroup section */

/* Begin PBXNativeTarget section */
		7415235A1FFD4EDA002EB9F9 /* GonzalezDavidCE1 */ = {
			isa = PBXNativeTarget;
			buildConfigurationList = 741523831FFD4EDA002EB9F9 /* Build configuration list for PBXNativeTarget "GonzalezDavidCE1" */;
			buildPhases = (
				741523571FFD4EDA002EB9F9 /* Sources */,
				741523581FFD4EDA002EB9F9 /* Frameworks */,
				741523591FFD4EDA002EB9F9 /* Resources */,
			);
			buildRules = (
			);
			dependencies = (
			);
			name = GonzalezDavidCE1;
			productName = GonzalezDavidCE1;
			productReference = 7415235B1FFD4EDA002EB9F9 /* GonzalezDavidCE1.app */;
			productType = "com.apple.product-type.application";
		};
		7415236E1FFD4EDA002EB9F9 /* GonzalezDavidCE1Tests */ = {
			isa = PBXNativeTarget;
			buildConfigurationList = 741523861FFD4EDA002EB9F9 /* Build configuration list for PBXNativeTarget "GonzalezDavidCE1Tests" */;
			buildPhases = (
				7415236B1FFD4EDA002EB9F9 /* Sources */,
				7415236C1FFD4EDA002EB9F9 /* Frameworks */,
				7415236D1FFD4EDA002EB9F9 /* Resources */,
			);
			buildRules = (
			);
			dependencies = (
				741523711FFD4EDA002EB9F9 /* PBXTargetDependency */,
			);
			name = GonzalezDavidCE1Tests;
			productName = GonzalezDavidCE1Tests;
			productReference = 7415236F1FFD4EDA002EB9F9 /* GonzalezDavidCE1Tests.xctest */;
			productType = "com.apple.product-type.bundle.unit-test";
		};
		741523791FFD4EDA002EB9F9 /* GonzalezDavidCE1UITests */ = {
			isa = PBXNativeTarget;
			buildConfigurationList = 741523891FFD4EDA002EB9F9 /* Build configuration list for PBXNativeTarget "GonzalezDavidCE1UITests" */;
			buildPhases = (
				741523761FFD4EDA002EB9F9 /* Sources */,
				741523771FFD4EDA002EB9F9 /* Frameworks */,
				741523781FFD4EDA002EB9F9 /* Resources */,
			);
			buildRules = (
			);
			dependencies = (
				7415237C1FFD4EDA002EB9F9 /* PBXTargetDependency */,
			);
			name = GonzalezDavidCE1UITests;
			productName = GonzalezDavidCE1UITests;
			productReference = 7415237A1FFD4EDA002EB9F9 /* GonzalezDavidCE1UITests.xctest */;
			productType = "com.apple.product-type.bundle.ui-testing";
		};
/* End PBXNativeTarget section */

/* Begin PBXProject section */
		741523531FFD4EDA002EB9F9 /* Project object */ = {
			isa = PBXProject;
			attributes = {
				LastSwiftUpdateCheck = 0920;
				LastUpgradeCheck = 0920;
				ORGANIZATIONNAME = "David Gonzalez Jr";
				TargetAttributes = {
					7415235A1FFD4EDA002EB9F9 = {
						CreatedOnToolsVersion = 9.2;
						ProvisioningStyle = Automatic;
					};
					7415236E1FFD4EDA002EB9F9 = {
						CreatedOnToolsVersion = 9.2;
						ProvisioningStyle = Automatic;
						TestTargetID = 7415235A1FFD4EDA002EB9F9;
					};
					741523791FFD4EDA002EB9F9 = {
						CreatedOnToolsVersion = 9.2;
						ProvisioningStyle = Automatic;
						TestTargetID = 7415235A1FFD4EDA002EB9F9;
					};
				};
			};
			buildConfigurationList = 741523561FFD4EDA002EB9F9 /* Build configuration list for PBXProject "GonzalezDavidCE1" */;
			compatibilityVersion = "Xcode 8.0";
			developmentRegion = en;
			hasScannedForEncodings = 0;
			knownRegions = (
				en,
				Base,
			);
			mainGroup = 741523521FFD4EDA002EB9F9;
			productRefGroup = 7415235C1FFD4EDA002EB9F9 /* Products */;
			projectDirPath = "";
			projectRoot = "";
			targets = (
				7415235A1FFD4EDA002EB9F9 /* GonzalezDavidCE1 */,
				7415236E1FFD4EDA002EB9F9 /* GonzalezDavidCE1Tests */,
				741523791FFD4EDA002EB9F9 /* GonzalezDavidCE1UITests */,
			);
		};
/* End PBXProject section */

/* Begin PBXResourcesBuildPhase section */
		741523591FFD4EDA002EB9F9 /* Resources */ = {
			isa = PBXResourcesBuildPhase;
			buildActionMask = 2147483647;
			files = (
				741523691FFD4EDA002EB9F9 /* LaunchScreen.storyboard in Resources */,
				741523661FFD4EDA002EB9F9 /* Assets.xcassets in Resources */,
				741523641FFD4EDA002EB9F9 /* Main.storyboard in Resources */,
			);
			runOnlyForDeploymentPostprocessing = 0;
		};
		7415236D1FFD4EDA002EB9F9 /* Resources */ = {
			isa = PBXResourcesBuildPhase;
			buildActionMask = 2147483647;
			files = (
			);
			runOnlyForDeploymentPostprocessing = 0;
		};
		741523781FFD4EDA002EB9F9 /* Resources */ = {
			isa = PBXResourcesBuildPhase;
			buildActionMask = 2147483647;
			files = (
			);
			runOnlyForDeploymentPostprocessing = 0;
		};
/* End PBXResourcesBuildPhase section */

/* Begin PBXSourcesBuildPhase section */
		741523571FFD4EDA002EB9F9 /* Sources */ = {
			isa = PBXSourcesBuildPhase;
			buildActionMask = 2147483647;
			files = (
				741523611FFD4EDA002EB9F9 /* ViewController.swift in Sources */,
				7415235F1FFD4EDA002EB9F9 /* AppDelegate.swift in Sources */,
			);
			runOnlyForDeploymentPostprocessing = 0;
		};
		7415236B1FFD4EDA002EB9F9 /* Sources */ = {
			isa = PBXSourcesBuildPhase;
			buildActionMask = 2147483647;
			files = (
				741523741FFD4EDA002EB9F9 /* GonzalezDavidCE1Tests.swift in Sources */,
			);
			runOnlyForDeploymentPostprocessing = 0;
		};
		741523761FFD4EDA002EB9F9 /* Sources */ = {
			isa = PBXSourcesBuildPhase;
			buildActionMask = 2147483647;
			files = (
				7415237F1FFD4EDA002EB9F9 /* GonzalezDavidCE1UITests.swift in Sources */,
			);
			runOnlyForDeploymentPostprocessing = 0;
		};
/* End PBXSourcesBuildPhase section */

/* Begin PBXTargetDependency section */
		741523711FFD4EDA002EB9F9 /* PBXTargetDependency */ = {
			isa = PBXTargetDependency;
			target = 7415235A1FFD4EDA002EB9F9 /* GonzalezDavidCE1 */;
			targetProxy = 741523701FFD4EDA002EB9F9 /* PBXContainerItemProxy */;
		};
		7415237C1FFD4EDA002EB9F9 /* PBXTargetDependency */ = {
			isa = PBXTargetDependency;
			target = 7415235A1FFD4EDA002EB9F9 /* GonzalezDavidCE1 */;
			targetProxy = 7415237B1FFD4EDA002EB9F9 /* PBXContainerItemProxy */;
		};
/* End PBXTargetDependency section */

/* Begin PBXVariantGroup section */
		741523621FFD4EDA002EB9F9 /* Main.storyboard */ = {
			isa = PBXVariantGroup;
			children = (
				741523631FFD4EDA002EB9F9 /* Base */,
			);
			name = Main.storyboard;
			sourceTree = "<group>";
		};
		741523671FFD4EDA002EB9F9 /* LaunchScreen.storyboard */ = {
			isa = PBXVariantGroup;
			children = (
				741523681FFD4EDA002EB9F9 /* Base */,
			);
			name = LaunchScreen.storyboard;
			sourceTree = "<group>";
		};
/* End PBXVariantGroup section */

/* Begin XCBuildConfiguration section */
		741523811FFD4EDA002EB9F9 /* Debug */ = {
			isa = XCBuildConfiguration;
			buildSettings = {
				ALWAYS_SEARCH_USER_PATHS = NO;
				CLANG_ANALYZER_NONNULL = YES;
				CLANG_ANALYZER_NUMBER_OBJECT_CONVERSION = YES_AGGRESSIVE;
				CLANG_CXX_LANGUAGE_STANDARD = "gnu++14";
				CLANG_CXX_LIBRARY = "libc++";
				CLANG_ENABLE_MODULES = YES;
				CLANG_ENABLE_OBJC_ARC = YES;
				CLANG_WARN_BLOCK_CAPTURE_AUTORELEASING = YES;
				CLANG_WARN_BOOL_CONVERSION = YES;
				CLANG_WARN_COMMA = YES;
				CLANG_WARN_CONSTANT_CONVERSION = YES;
				CLANG_WARN_DIRECT_OBJC_ISA_USAGE = YES_ERROR;
				CLANG_WARN_DOCUMENTATION_COMMENTS = YES;
				CLANG_WARN_EMPTY_BODY = YES;
				CLANG_WARN_ENUM_CONVERSION = YES;
				CLANG_WARN_INFINITE_RECURSION = YES;
				CLANG_WARN_INT_CONVERSION = YES;
				CLANG_WARN_NON_LITERAL_NULL_CONVERSION = YES;
				CLANG_WARN_OBJC_LITERAL_CONVERSION = YES;
				CLANG_WARN_OBJC_ROOT_CLASS = YES_ERROR;
				CLANG_WARN_RANGE_LOOP_ANALYSIS = YES;
				CLANG_WARN_STRICT_PROTOTYPES = YES;
				CLANG_WARN_SUSPICIOUS_MOVE = YES;
				CLANG_WARN_UNGUARDED_AVAILABILITY = YES_AGGRESSIVE;
				CLANG_WARN_UNREACHABLE_CODE = YES;
				CLANG_WARN__DUPLICATE_METHOD_MATCH = YES;
				CODE_SIGN_IDENTITY = "iPhone Developer";
				COPY_PHASE_STRIP = NO;
				DEBUG_INFORMATION_FORMAT = dwarf;
				ENABLE_STRICT_OBJC_MSGSEND = YES;
				ENABLE_TESTABILITY = YES;
				GCC_C_LANGUAGE_STANDARD = gnu11;
				GCC_DYNAMIC_NO_PIC = NO;
				GCC_NO_COMMON_BLOCKS = YES;
				GCC_OPTIMIZATION_LEVEL = 0;
				GCC_PREPROCESSOR_DEFINITIONS = (
					"DEBUG=1",
					"$(inherited)",
				);
				GCC_WARN_64_TO_32_BIT_CONVERSION = YES;
				GCC_WARN_ABOUT_RETURN_TYPE = YES_ERROR;
				GCC_WARN_UNDECLARED_SELECTOR = YES;
				GCC_WARN_UNINITIALIZED_AUTOS = YES_AGGRESSIVE;
				GCC_WARN_UNUSED_FUNCTION = YES;
				GCC_WARN_UNUSED_VARIABLE = YES;
				IPHONEOS_DEPLOYMENT_TARGET = 11.2;
				MTL_ENABLE_DEBUG_INFO = YES;
				ONLY_ACTIVE_ARCH = YES;
				SDKROOT = iphoneos;
				SWIFT_ACTIVE_COMPILATION_CONDITIONS = DEBUG;
				SWIFT_OPTIMIZATION_LEVEL = "-Onone";
			};
			name = Debug;
		};
		741523821FFD4EDA002EB9F9 /* Release */ = {
			isa = XCBuildConfiguration;
			buildSettings = {
				ALWAYS_SEARCH_USER_PATHS = NO;
				CLANG_ANALYZER_NONNULL = YES;
				CLANG_ANALYZER_NUMBER_OBJECT_CONVERSION = YES_AGGRESSIVE;
				CLANG_CXX_LANGUAGE_STANDARD = "gnu++14";
				CLANG_CXX_LIBRARY = "libc++";
				CLANG_ENABLE_MODULES = YES;
				CLANG_ENABLE_OBJC_ARC = YES;
				CLANG_WARN_BLOCK_CAPTURE_AUTORELEASING = YES;
				CLANG_WARN_BOOL_CONVERSION = YES;
				CLANG_WARN_COMMA = YES;
				CLANG_WARN_CONSTANT_CONVERSION = YES;
				CLANG_WARN_DIRECT_OBJC_ISA_USAGE = YES_ERROR;
				CLANG_WARN_DOCUMENTATION_COMMENTS = YES;
				CLANG_WARN_EMPTY_BODY = YES;
				CLANG_WARN_ENUM_CONVERSION = YES;
				CLANG_WARN_INFINITE_RECURSION = YES;
				CLANG_WARN_INT_CONVERSION = YES;
				CLANG_WARN_NON_LITERAL_NULL_CONVERSION = YES;
				CLANG_WARN_OBJC_LITERAL_CONVERSION = YES;
				CLANG_WARN_OBJC_ROOT_CLASS = YES_ERROR;
				CLANG_WARN_RANGE_LOOP_ANALYSIS = YES;
				CLANG_WARN_STRICT_PROTOTYPES = YES;
				CLANG_WARN_SUSPICIOUS_MOVE = YES;
				CLANG_WARN_UNGUARDED_AVAILABILITY = YES_AGGRESSIVE;
				CLANG_WARN_UNREACHABLE_CODE = YES;
				CLANG_WARN__DUPLICATE_METHOD_MATCH = YES;
				CODE_SIGN_IDENTITY = "iPhone Developer";
				COPY_PHASE_STRIP = NO;
				DEBUG_INFORMATION_FORMAT = "dwarf-with-dsym";
				ENABLE_NS_ASSERTIONS = NO;
				ENABLE_STRICT_OBJC_MSGSEND = YES;
				GCC_C_LANGUAGE_STANDARD = gnu11;
				GCC_NO_COMMON_BLOCKS = YES;
				GCC_WARN_64_TO_32_BIT_CONVERSION = YES;
				GCC_WARN_ABOUT_RETURN_TYPE = YES_ERROR;
				GCC_WARN_UNDECLARED_SELECTOR = YES;
				GCC_WARN_UNINITIALIZED_AUTOS = YES_AGGRESSIVE;
				GCC_WARN_UNUSED_FUNCTION = YES;
				GCC_WARN_UNUSED_VARIABLE = YES;
				IPHONEOS_DEPLOYMENT_TARGET = 11.2;
				MTL_ENABLE_DEBUG_INFO = NO;
				SDKROOT = iphoneos;
				SWIFT_OPTIMIZATION_LEVEL = "-Owholemodule";
				VALIDATE_PRODUCT = YES;
			};
			name = Release;
		};
		741523841FFD4EDA002EB9F9 /* Debug */ = {
			isa = XCBuildConfiguration;
			buildSettings = {
				ASSETCATALOG_COMPILER_APPICON_NAME = AppIcon;
				CODE_SIGN_STYLE = Automatic;
				INFOPLIST_FILE = GonzalezDavidCE1/Info.plist;
				LD_RUNPATH_SEARCH_PATHS = "$(inherited) @executable_path/Frameworks";
				PRODUCT_BUNDLE_IDENTIFIER = com.GonzalezDavid.GonzalezDavidCE1;
				PRODUCT_NAME = "$(TARGET_NAME)";
				SWIFT_VERSION = 4.0;
				TARGETED_DEVICE_FAMILY = "1,2";
			};
			name = Debug;
		};
		741523851FFD4EDA002EB9F9 /* Release */ = {
			isa = XCBuildConfiguration;
			buildSettings = {
				ASSETCATALOG_COMPILER_APPICON_NAME = AppIcon;
				CODE_SIGN_STYLE = Automatic;
				INFOPLIST_FILE = GonzalezDavidCE1/Info.plist;
				LD_RUNPATH_SEARCH_PATHS = "$(inherited) @executable_path/Frameworks";
				PRODUCT_BUNDLE_IDENTIFIER = com.GonzalezDavid.GonzalezDavidCE1;
				PRODUCT_NAME = "$(TARGET_NAME)";
				SWIFT_VERSION = 4.0;
				TARGETED_DEVICE_FAMILY = "1,2";
			};
			name = Release;
		};
		741523871FFD4EDA002EB9F9 /* Debug */ = {
			isa = XCBuildConfiguration;
			buildSettings = {
				ALWAYS_EMBED_SWIFT_STANDARD_LIBRARIES = YES;
				BUNDLE_LOADER = "$(TEST_HOST)";
				CODE_SIGN_STYLE = Automatic;
				INFOPLIST_FILE = GonzalezDavidCE1Tests/Info.plist;
				LD_RUNPATH_SEARCH_PATHS = "$(inherited) @executable_path/Frameworks @loader_path/Frameworks";
				PRODUCT_BUNDLE_IDENTIFIER = com.GonzalezDavid.GonzalezDavidCE1Tests;
				PRODUCT_NAME = "$(TARGET_NAME)";
				SWIFT_VERSION = 4.0;
				TARGETED_DEVICE_FAMILY = "1,2";
				TEST_HOST = "$(BUILT_PRODUCTS_DIR)/GonzalezDavidCE1.app/GonzalezDavidCE1";
			};
			name = Debug;
		};
		741523881FFD4EDA002EB9F9 /* Release */ = {
			isa = XCBuildConfiguration;
			buildSettings = {
				ALWAYS_EMBED_SWIFT_STANDARD_LIBRARIES = YES;
				BUNDLE_LOADER = "$(TEST_HOST)";
				CODE_SIGN_STYLE = Automatic;
				INFOPLIST_FILE = GonzalezDavidCE1Tests/Info.plist;
				LD_RUNPATH_SEARCH_PATHS = "$(inherited) @executable_path/Frameworks @loader_path/Frameworks";
				PRODUCT_BUNDLE_IDENTIFIER = com.GonzalezDavid.GonzalezDavidCE1Tests;
				PRODUCT_NAME = "$(TARGET_NAME)";
				SWIFT_VERSION = 4.0;
				TARGETED_DEVICE_FAMILY = "1,2";
				TEST_HOST = "$(BUILT_PRODUCTS_DIR)/GonzalezDavidCE1.app/GonzalezDavidCE1";
			};
			name = Release;
		};
		7415238A1FFD4EDA002EB9F9 /* Debug */ = {
			isa = XCBuildConfiguration;
			buildSettings = {
				ALWAYS_EMBED_SWIFT_STANDARD_LIBRARIES = YES;
				CODE_SIGN_STYLE = Automatic;
				INFOPLIST_FILE = GonzalezDavidCE1UITests/Info.plist;
				LD_RUNPATH_SEARCH_PATHS = "$(inherited) @executable_path/Frameworks @loader_path/Frameworks";
				PRODUCT_BUNDLE_IDENTIFIER = com.GonzalezDavid.GonzalezDavidCE1UITests;
				PRODUCT_NAME = "$(TARGET_NAME)";
				SWIFT_VERSION = 4.0;
				TARGETED_DEVICE_FAMILY = "1,2";
				TEST_TARGET_NAME = GonzalezDavidCE1;
			};
			name = Debug;
		};
		7415238B1FFD4EDA002EB9F9 /* Release */ = {
			isa = XCBuildConfiguration;
			buildSettings = {
				ALWAYS_EMBED_SWIFT_STANDARD_LIBRARIES = YES;
				CODE_SIGN_STYLE = Automatic;
				INFOPLIST_FILE = GonzalezDavidCE1UITests/Info.plist;
				LD_RUNPATH_SEARCH_PATHS = "$(inherited) @executable_path/Frameworks @loader_path/Frameworks";
				PRODUCT_BUNDLE_IDENTIFIER = com.GonzalezDavid.GonzalezDavidCE1UITests;
				PRODUCT_NAME = "$(TARGET_NAME)";
				SWIFT_VERSION = 4.0;
				TARGETED_DEVICE_FAMILY = "1,2";
				TEST_TARGET_NAME = GonzalezDavidCE1;
			};
			name = Release;
		};
/* End XCBuildConfiguration section */

/* Begin XCConfigurationList section */
		741523561FFD4EDA002EB9F9 /* Build configuration list for PBXProject "GonzalezDavidCE1" */ = {
			isa = XCConfigurationList;
			buildConfigurations = (
				741523811FFD4EDA002EB9F9 /* Debug */,
				741523821FFD4EDA002EB9F9 /* Release */,
			);
			defaultConfigurationIsVisible = 0;
			defaultConfigurationName = Release;
		};
		741523831FFD4EDA002EB9F9 /* Build configuration list for PBXNativeTarget "GonzalezDavidCE1" */ = {
			isa = XCConfigurationList;
			buildConfigurations = (
				741523841FFD4EDA002EB9F9 /* Debug */,
				741523851FFD4EDA002EB9F9 /* Release */,
			);
			defaultConfigurationIsVisible = 0;
			defaultConfigurationName = Release;
		};
		741523861FFD4EDA002EB9F9 /* Build configuration list for PBXNativeTarget "GonzalezDavidCE1Tests" */ = {
			isa = XCConfigurationList;
			buildConfigurations = (
				741523871FFD4EDA002EB9F9 /* Debug */,
				741523881FFD4EDA002EB9F9 /* Release */,
			);
			defaultConfigurationIsVisible = 0;
			defaultConfigurationName = Release;
		};
		741523891FFD4EDA002EB9F9 /* Build configuration list for PBXNativeTarget "GonzalezDavidCE1UITests" */ = {
			isa = XCConfigurationList;
			buildConfigurations = (
				7415238A1FFD4EDA002EB9F9 /* Debug */,
				7415238B1FFD4EDA002EB9F9 /* Release */,
			);
			defaultConfigurationIsVisible = 0;
			defaultConfigurationName = Release;
		};
/* End XCConfigurationList section */
	};
	rootObject = 741523531FFD4EDA002EB9F9 /* Project object */;
}
